<?xml version="1.0" encoding="utf-8"?>
<Project ToolsVersion="4.0" xmlns="http://schemas.microsoft.com/developer/msbuild/2003">
  <ItemGroup>
    <Filter Include="Debug">
      <UniqueIdentifier>{704bd333-d89b-495f-bca9-8ead5b90a255}</UniqueIdentifier>
    </Filter>
    <Filter Include="DataTypes">
      <UniqueIdentifier>{61a3b010-56f4-4097-b455-18eb6215847a}</UniqueIdentifier>
    </Filter>
    <Filter Include="Renderer">
      <UniqueIdentifier>{fa71103f-11b8-40c4-8560-1a778fc94d1f}</UniqueIdentifier>
    </Filter>
    <Filter Include="Gui">
      <UniqueIdentifier>{1c43d91a-cb86-497c-b069-337c5f9369be}</UniqueIdentifier>
    </Filter>
    <Filter Include="Python">
      <UniqueIdentifier>{1ab4a9d9-7f3f-4c68-ae58-39a33fc93de0}</UniqueIdentifier>
    </Filter>
    <Filter Include="zPrecompiled">
      <UniqueIdentifier>{93995380-89BD-4b04-88EB-625FBE52EBFB}</UniqueIdentifier>
      <Extensions>h;hh;hpp;hxx;hm;inl;inc;ipp;xsd</Extensions>
    </Filter>
    <Filter Include="Memory">
      <UniqueIdentifier>{c473b3fd-dcb7-4651-af44-c82c3836d6cb}</UniqueIdentifier>
    </Filter>
  </ItemGroup>
  <ItemGroup>
    <ClInclude Include="framework.h">
      <Filter>zPrecompiled</Filter>
    </ClInclude>
    <ClInclude Include="pch.h">
      <Filter>zPrecompiled</Filter>
    </ClInclude>
    <ClInclude Include="Log.h">
      <Filter>Debug</Filter>
    </ClInclude>
    <ClInclude Include="Turtle.h">
      <Filter>zPrecompiled</Filter>
    </ClInclude>
    <ClInclude Include="DataTypes.h">
      <Filter>DataTypes</Filter>
    </ClInclude>
    <ClInclude Include="Errors.h">
      <Filter>Debug</Filter>
    </ClInclude>
    <ClInclude Include="Renderer.h">
      <Filter>Renderer</Filter>
    </ClInclude>
    <ClInclude Include="OpenGlRenderer.h">
      <Filter>Renderer</Filter>
    </ClInclude>
    <ClInclude Include="Color.h">
      <Filter>DataTypes</Filter>
    </ClInclude>
    <ClInclude Include="TurtleWindow.h">
      <Filter>Gui</Filter>
    </ClInclude>
    <ClInclude Include="Mesh.h">
      <Filter>Renderer</Filter>
    </ClInclude>
    <ClInclude Include="DefaultMesh.h">
      <Filter>Renderer</Filter>
    </ClInclude>
    <ClInclude Include="Shape.h">
      <Filter>Renderer</Filter>
    </ClInclude>
    <ClInclude Include="TurtleWindowPool.h">
      <Filter>Gui</Filter>
    </ClInclude>
    <ClInclude Include="TurtleWindowTest.h">
      <Filter>Gui</Filter>
    </ClInclude>
    <ClInclude Include="Element.h">
      <Filter>Gui</Filter>
    </ClInclude>
    <ClInclude Include="Layout.h">
      <Filter>Gui</Filter>
    </ClInclude>
    <ClInclude Include="Button.h">
      <Filter>Gui</Filter>
    </ClInclude>
    <ClInclude Include="TurtleObject.h">
      <Filter>Memory</Filter>
    </ClInclude>
    <ClInclude Include="StrongShell.h">
      <Filter>Memory</Filter>
    </ClInclude>
    <ClInclude Include="WeakShell.h">
      <Filter>Memory</Filter>
    </ClInclude>
    <ClInclude Include="Mouse.h">
      <Filter>Gui</Filter>
    </ClInclude>
    <ClInclude Include="Keyboard.h">
      <Filter>Gui</Filter>
    </ClInclude>
  </ItemGroup>
  <ItemGroup>
    <ClCompile Include="dllmain.cpp">
      <Filter>zPrecompiled</Filter>
    </ClCompile>
    <ClCompile Include="pch.cpp">
      <Filter>zPrecompiled</Filter>
    </ClCompile>
    <ClCompile Include="Log.cpp">
      <Filter>Debug</Filter>
    </ClCompile>
    <ClCompile Include="Errors.cpp">
      <Filter>Debug</Filter>
    </ClCompile>
    <ClCompile Include="OpenGlRenderer.cpp">
      <Filter>Renderer</Filter>
    </ClCompile>
    <ClCompile Include="Color.cpp">
      <Filter>DataTypes</Filter>
    </ClCompile>
    <ClCompile Include="TurtleWindow.cpp">
      <Filter>Gui</Filter>
    </ClCompile>
    <ClCompile Include="Mesh.cpp">
      <Filter>Renderer</Filter>
    </ClCompile>
    <ClCompile Include="DefaultMesh.cpp">
      <Filter>Renderer</Filter>
    </ClCompile>
    <ClCompile Include="Shape.cpp">
      <Filter>Renderer</Filter>
    </ClCompile>
    <ClCompile Include="TurtleWindowPool.cpp">
      <Filter>Gui</Filter>
    </ClCompile>
    <ClCompile Include="TurtleWindowTest.cpp">
      <Filter>Gui</Filter>
    </ClCompile>
    <ClCompile Include="Element.cpp">
      <Filter>Gui</Filter>
    </ClCompile>
    <ClCompile Include="Layout.cpp">
      <Filter>Gui</Filter>
    </ClCompile>
    <ClCompile Include="Button.cpp">
      <Filter>Gui</Filter>
    </ClCompile>
    <ClCompile Include="TurtleObject.cpp">
      <Filter>Memory</Filter>
    </ClCompile>
    <ClCompile Include="Mouse.cpp">
      <Filter>Gui</Filter>
    </ClCompile>
    <ClCompile Include="Keyboard.cpp">
      <Filter>Gui</Filter>
    </ClCompile>
  </ItemGroup>
</Project>